
Microsoft Visual Studio Solution File, Format Version 12.00
# Visual Studio Version 16
VisualStudioVersion = 16.0.32228.343
MinimumVisualStudioVersion = 10.0.40219.1
Project("{FAE04EC0-301F-11D3-BF4B-00C04F79EFBC}") = "WebApplication1", "WebApplication1\WebApplication1.csproj", "{B0D2639F-9016-49CC-8A80-577AA527DBCD}"
EndProject
Global
	GlobalSection(SolutionConfigurationPlatforms) = preSolution
		Debug|Any CPU = Debug|Any CPU
		Release|Any CPU = Release|Any CPU
	EndGlobalSection
	GlobalSection(ProjectConfigurationPlatforms) = postSolution
		{B0D2639F-9016-49CC-8A80-577AA527DBCD}.Debug|Any CPU.ActiveCfg = Debug|Any CPU
		{B0D2639F-9016-49CC-8A80-577AA527DBCD}.Debug|Any CPU.Build.0 = Debug|Any CPU
		{B0D2639F-9016-49CC-8A80-577AA527DBCD}.Release|Any CPU.ActiveCfg = Release|Any CPU
		{B0D2639F-9016-49CC-8A80-577AA527DBCD}.Release|Any CPU.Build.0 = Release|Any CPU
	EndGlobalSection
	GlobalSection(SolutionProperties) = preSolution
		HideSolutionNode = FALSE
	EndGlobalSection
	GlobalSection(ExtensibilityGlobals) = postSolution
		SolutionGuid = {04928B19-7BFC-4E3A-BE30-46852B4ED39A}
	EndGlobalSection
EndGlobal
